
Microsoft Visual Studio Solution File, Format Version 12.00
# Visual Studio 2012
Project("{8BC9CEB8-8B4A-11D0-8D11-00A0C91BC942}") = "optimal path based on ACO", "optimal path based on ACO\optimal path based on ACO.vcxproj", "{54D10E7C-A723-4F77-A7AE-1D683C5803FC}"
EndProject
Global
	GlobalSection(SolutionConfigurationPlatforms) = preSolution
		Debug|Win32 = Debug|Win32
		Release|Win32 = Release|Win32
	EndGlobalSection
	GlobalSection(ProjectConfigurationPlatforms) = postSolution
		{54D10E7C-A723-4F77-A7AE-1D683C5803FC}.Debug|Win32.ActiveCfg = Debug|Win32
		{54D10E7C-A723-4F77-A7AE-1D683C5803FC}.Debug|Win32.Build.0 = Debug|Win32
		{54D10E7C-A723-4F77-A7AE-1D683C5803FC}.Release|Win32.ActiveCfg = Release|Win32
		{54D10E7C-A723-4F77-A7AE-1D683C5803FC}.Release|Win32.Build.0 = Release|Win32
	EndGlobalSection
	GlobalSection(SolutionProperties) = preSolution
		HideSolutionNode = FALSE
	EndGlobalSection
EndGlobal
