
Microsoft Visual Studio Solution File, Format Version 12.00
# Visual Studio 2012
Project("{8BC9CEB8-8B4A-11D0-8D11-00A0C91BC942}") = "optimal path with lowest cost based on ACO", "optimal path with lowest cost based on ACO\optimal path with lowest cost based on ACO.vcxproj", "{ED6FAA4B-6729-4883-8845-61FE2442A03C}"
EndProject
Global
	GlobalSection(SolutionConfigurationPlatforms) = preSolution
		Debug|Win32 = Debug|Win32
		Release|Win32 = Release|Win32
	EndGlobalSection
	GlobalSection(ProjectConfigurationPlatforms) = postSolution
		{ED6FAA4B-6729-4883-8845-61FE2442A03C}.Debug|Win32.ActiveCfg = Debug|Win32
		{ED6FAA4B-6729-4883-8845-61FE2442A03C}.Debug|Win32.Build.0 = Debug|Win32
		{ED6FAA4B-6729-4883-8845-61FE2442A03C}.Release|Win32.ActiveCfg = Release|Win32
		{ED6FAA4B-6729-4883-8845-61FE2442A03C}.Release|Win32.Build.0 = Release|Win32
	EndGlobalSection
	GlobalSection(SolutionProperties) = preSolution
		HideSolutionNode = FALSE
	EndGlobalSection
EndGlobal
